github.com/comoc-im/message v0.1.6 h1:u8rwnIkqZGPxGJTKRhEJM+XX1cOb+CxUM97vo3GUvkw=
github.com/comoc-im/message v0.1.6/go.mod h1:AGSPMn6r4uH/imJb1wzO8/u1NKOr05FmcupzcMe35Vs=
github.com/gorilla/websocket v1.4.2 h1:+/TMaTYc4QFitKJxsQ7Yye35DkWvkdLcvGKqM+x0Ufc=
github.com/gorilla/websocket v1.4.2/go.mod h1:YR8l580nyteQvAITg2hZ9XVh4b55+EU/adAjf1fMHhE=
github.com/rs/cors v1.8.2 h1:KCooALfAYGs415Cwu5ABvv9n9509fSiG5SQJn/AQo4U=
github.com/rs/cors v1.8.2/go.mod h1:XyqrcTp5zjWr1wsJ8PIRZssZ8b/WMcMf71DJnit4EMU=
